// !$*UTF8*$!
{
	archiveVersion = 1;
	classes = {
	};
	objectVersion = 56;
	objects = {

/* Begin PBXBuildFile section */
		52891F622C69212100B94106 /* AnswerPageView.swift in Sources */ = {isa = PBXBuildFile; fileRef = 52891F612C69212100B94106 /* AnswerPageView.swift */; };
		52B5272A2C69C93F00AFF0E7 /* CountdownView.swift in Sources */ = {isa = PBXBuildFile; fileRef = 52B527292C69C93F00AFF0E7 /* CountdownView.swift */; };
		52B5272C2C69D56D00AFF0E7 /* CustomAlertView.swift in Sources */ = {isa = PBXBuildFile; fileRef = 52B5272B2C69D56D00AFF0E7 /* CustomAlertView.swift */; };
		52B5272E2C6A6E0E00AFF0E7 /* QuizViewModel.swift in Sources */ = {isa = PBXBuildFile; fileRef = 52B5272D2C6A6E0E00AFF0E7 /* QuizViewModel.swift */; };
		52B527302C6A6FB500AFF0E7 /* QuestionModel.swift in Sources */ = {isa = PBXBuildFile; fileRef = 52B5272F2C6A6FB500AFF0E7 /* QuestionModel.swift */; };
		52B527332C6A7FE500AFF0E7 /* quizData.json in Resources */ = {isa = PBXBuildFile; fileRef = 52B527312C6A7AB400AFF0E7 /* quizData.json */; };
		52EF5B9B2C67DA0400C3DA34 /* quizeAppApp.swift in Sources */ = {isa = PBXBuildFile; fileRef = 52EF5B9A2C67DA0400C3DA34 /* quizeAppApp.swift */; };
		52EF5B9F2C67DA0600C3DA34 /* Assets.xcassets in Resources */ = {isa = PBXBuildFile; fileRef = 52EF5B9E2C67DA0600C3DA34 /* Assets.xcassets */; };
		52EF5BA22C67DA0600C3DA34 /* Preview Assets.xcassets in Resources */ = {isa = PBXBuildFile; fileRef = 52EF5BA12C67DA0600C3DA34 /* Preview Assets.xcassets */; };
		52EF5BAC2C67DB9300C3DA34 /* MainMenuView.swift in Sources */ = {isa = PBXBuildFile; fileRef = 52EF5BAB2C67DB9300C3DA34 /* MainMenuView.swift */; };
		52EF5BAF2C68CA7C00C3DA34 /* CustomView.swift in Sources */ = {isa = PBXBuildFile; fileRef = 52EF5BAE2C68CA7C00C3DA34 /* CustomView.swift */; };
		52EF5BB12C68D73400C3DA34 /* AppColors.swift in Sources */ = {isa = PBXBuildFile; fileRef = 52EF5BB02C68D73400C3DA34 /* AppColors.swift */; };
/* End PBXBuildFile section */

/* Begin PBXFileReference section */
		52891F612C69212100B94106 /* AnswerPageView.swift */ = {isa = PBXFileReference; lastKnownFileType = sourcecode.swift; path = AnswerPageView.swift; sourceTree = "<group>"; };
		52B527292C69C93F00AFF0E7 /* CountdownView.swift */ = {isa = PBXFileReference; lastKnownFileType = sourcecode.swift; path = CountdownView.swift; sourceTree = "<group>"; };
		52B5272B2C69D56D00AFF0E7 /* CustomAlertView.swift */ = {isa = PBXFileReference; lastKnownFileType = sourcecode.swift; path = CustomAlertView.swift; sourceTree = "<group>"; };
		52B5272D2C6A6E0E00AFF0E7 /* QuizViewModel.swift */ = {isa = PBXFileReference; lastKnownFileType = sourcecode.swift; path = QuizViewModel.swift; sourceTree = "<group>"; };
		52B5272F2C6A6FB500AFF0E7 /* QuestionModel.swift */ = {isa = PBXFileReference; lastKnownFileType = sourcecode.swift; path = QuestionModel.swift; sourceTree = "<group>"; };
		52B527312C6A7AB400AFF0E7 /* quizData.json */ = {isa = PBXFileReference; lastKnownFileType = text.json; path = quizData.json; sourceTree = "<group>"; };
		52EF5B972C67DA0400C3DA34 /* quizeApp.app */ = {isa = PBXFileReference; explicitFileType = wrapper.application; includeInIndex = 0; path = quizeApp.app; sourceTree = BUILT_PRODUCTS_DIR; };
		52EF5B9A2C67DA0400C3DA34 /* quizeAppApp.swift */ = {isa = PBXFileReference; lastKnownFileType = sourcecode.swift; path = quizeAppApp.swift; sourceTree = "<group>"; };
		52EF5B9E2C67DA0600C3DA34 /* Assets.xcassets */ = {isa = PBXFileReference; lastKnownFileType = folder.assetcatalog; path = Assets.xcassets; sourceTree = "<group>"; };
		52EF5BA12C67DA0600C3DA34 /* Preview Assets.xcassets */ = {isa = PBXFileReference; lastKnownFileType = folder.assetcatalog; path = "Preview Assets.xcassets"; sourceTree = "<group>"; };
		52EF5BAB2C67DB9300C3DA34 /* MainMenuView.swift */ = {isa = PBXFileReference; lastKnownFileType = sourcecode.swift; path = MainMenuView.swift; sourceTree = "<group>"; };
		52EF5BAE2C68CA7C00C3DA34 /* CustomView.swift */ = {isa = PBXFileReference; lastKnownFileType = sourcecode.swift; path = CustomView.swift; sourceTree = "<group>"; };
		52EF5BB02C68D73400C3DA34 /* AppColors.swift */ = {isa = PBXFileReference; lastKnownFileType = sourcecode.swift; path = AppColors.swift; sourceTree = "<group>"; };
/* End PBXFileReference section */

/* Begin PBXFrameworksBuildPhase section */
		52EF5B942C67DA0400C3DA34 /* Frameworks */ = {
			isa = PBXFrameworksBuildPhase;
			buildActionMask = 2147483647;
			files = (
			);
			runOnlyForDeploymentPostprocessing = 0;
		};
/* End PBXFrameworksBuildPhase section */

/* Begin PBXGroup section */
		52B527322C6A7AD400AFF0E7 /* quizData */ = {
			isa = PBXGroup;
			children = (
				52B527312C6A7AB400AFF0E7 /* quizData.json */,
			);
			path = quizData;
			sourceTree = "<group>";
		};
		52EF5B8E2C67DA0400C3DA34 = {
			isa = PBXGroup;
			children = (
				52EF5B992C67DA0400C3DA34 /* quizeApp */,
				52EF5B982C67DA0400C3DA34 /* Products */,
			);
			sourceTree = "<group>";
		};
		52EF5B982C67DA0400C3DA34 /* Products */ = {
			isa = PBXGroup;
			children = (
				52EF5B972C67DA0400C3DA34 /* quizeApp.app */,
			);
			name = Products;
			sourceTree = "<group>";
		};
		52EF5B992C67DA0400C3DA34 /* quizeApp */ = {
			isa = PBXGroup;
			children = (
				52B527322C6A7AD400AFF0E7 /* quizData */,
				52EF5BAD2C68CA6300C3DA34 /* Extension */,
				52EF5BAA2C67DA3000C3DA34 /* ViewModel */,
				52EF5BA92C67DA2400C3DA34 /* Views */,
				52EF5BA82C67DA1A00C3DA34 /* Models */,
				52EF5B9A2C67DA0400C3DA34 /* quizeAppApp.swift */,
				52EF5B9E2C67DA0600C3DA34 /* Assets.xcassets */,
				52EF5BA02C67DA0600C3DA34 /* Preview Content */,
			);
			path = quizeApp;
			sourceTree = "<group>";
		};
		52EF5BA02C67DA0600C3DA34 /* Preview Content */ = {
			isa = PBXGroup;
			children = (
				52EF5BA12C67DA0600C3DA34 /* Preview Assets.xcassets */,
			);
			path = "Preview Content";
			sourceTree = "<group>";
		};
		52EF5BA82C67DA1A00C3DA34 /* Models */ = {
			isa = PBXGroup;
			children = (
				52B5272F2C6A6FB500AFF0E7 /* QuestionModel.swift */,
			);
			path = Models;
			sourceTree = "<group>";
		};
		52EF5BA92C67DA2400C3DA34 /* Views */ = {
			isa = PBXGroup;
			children = (
				52EF5BAB2C67DB9300C3DA34 /* MainMenuView.swift */,
				52891F612C69212100B94106 /* AnswerPageView.swift */,
				52B527292C69C93F00AFF0E7 /* CountdownView.swift */,
			);
			path = Views;
			sourceTree = "<group>";
		};
		52EF5BAA2C67DA3000C3DA34 /* ViewModel */ = {
			isa = PBXGroup;
			children = (
				52B5272D2C6A6E0E00AFF0E7 /* QuizViewModel.swift */,
			);
			path = ViewModel;
			sourceTree = "<group>";
		};
		52EF5BAD2C68CA6300C3DA34 /* Extension */ = {
			isa = PBXGroup;
			children = (
				52EF5BAE2C68CA7C00C3DA34 /* CustomView.swift */,
				52EF5BB02C68D73400C3DA34 /* AppColors.swift */,
				52B5272B2C69D56D00AFF0E7 /* CustomAlertView.swift */,
			);
			path = Extension;
			sourceTree = "<group>";
		};
/* End PBXGroup section */

/* Begin PBXNativeTarget section */
		52EF5B962C67DA0400C3DA34 /* quizeApp */ = {
			isa = PBXNativeTarget;
			buildConfigurationList = 52EF5BA52C67DA0600C3DA34 /* Build configuration list for PBXNativeTarget "quizeApp" */;
			buildPhases = (
				52EF5B932C67DA0400C3DA34 /* Sources */,
				52EF5B942C67DA0400C3DA34 /* Frameworks */,
				52EF5B952C67DA0400C3DA34 /* Resources */,
			);
			buildRules = (
			);
			dependencies = (
			);
			name = quizeApp;
			productName = quizeApp;
			productReference = 52EF5B972C67DA0400C3DA34 /* quizeApp.app */;
			productType = "com.apple.product-type.application";
		};
/* End PBXNativeTarget section */

/* Begin PBXProject section */
		52EF5B8F2C67DA0400C3DA34 /* Project object */ = {
			isa = PBXProject;
			attributes = {
				BuildIndependentTargetsInParallel = 1;
				LastSwiftUpdateCheck = 1540;
				LastUpgradeCheck = 1540;
				TargetAttributes = {
					52EF5B962C67DA0400C3DA34 = {
						CreatedOnToolsVersion = 15.4;
					};
				};
			};
			buildConfigurationList = 52EF5B922C67DA0400C3DA34 /* Build configuration list for PBXProject "quizeApp" */;
			compatibilityVersion = "Xcode 14.0";
			developmentRegion = en;
			hasScannedForEncodings = 0;
			knownRegions = (
				en,
				Base,
			);
			mainGroup = 52EF5B8E2C67DA0400C3DA34;
			productRefGroup = 52EF5B982C67DA0400C3DA34 /* Products */;
			projectDirPath = "";
			projectRoot = "";
			targets = (
				52EF5B962C67DA0400C3DA34 /* quizeApp */,
			);
		};
/* End PBXProject section */

/* Begin PBXResourcesBuildPhase section */
		52EF5B952C67DA0400C3DA34 /* Resources */ = {
			isa = PBXResourcesBuildPhase;
			buildActionMask = 2147483647;
			files = (
				52B527332C6A7FE500AFF0E7 /* quizData.json in Resources */,
				52EF5BA22C67DA0600C3DA34 /* Preview Assets.xcassets in Resources */,
				52EF5B9F2C67DA0600C3DA34 /* Assets.xcassets in Resources */,
			);
			runOnlyForDeploymentPostprocessing = 0;
		};
/* End PBXResourcesBuildPhase section */

/* Begin PBXSourcesBuildPhase section */
		52EF5B932C67DA0400C3DA34 /* Sources */ = {
			isa = PBXSourcesBuildPhase;
			buildActionMask = 2147483647;
			files = (
				52EF5BAC2C67DB9300C3DA34 /* MainMenuView.swift in Sources */,
				52B5272A2C69C93F00AFF0E7 /* CountdownView.swift in Sources */,
				52891F622C69212100B94106 /* AnswerPageView.swift in Sources */,
				52B5272E2C6A6E0E00AFF0E7 /* QuizViewModel.swift in Sources */,
				52EF5BAF2C68CA7C00C3DA34 /* CustomView.swift in Sources */,
				52EF5BB12C68D73400C3DA34 /* AppColors.swift in Sources */,
				52B5272C2C69D56D00AFF0E7 /* CustomAlertView.swift in Sources */,
				52EF5B9B2C67DA0400C3DA34 /* quizeAppApp.swift in Sources */,
				52B527302C6A6FB500AFF0E7 /* QuestionModel.swift in Sources */,
			);
			runOnlyForDeploymentPostprocessing = 0;
		};
/* End PBXSourcesBuildPhase section */

/* Begin XCBuildConfiguration section */
		52EF5BA32C67DA0600C3DA34 /* Debug */ = {
			isa = XCBuildConfiguration;
			buildSettings = {
				ALWAYS_SEARCH_USER_PATHS = NO;
				ASSETCATALOG_COMPILER_GENERATE_SWIFT_ASSET_SYMBOL_EXTENSIONS = YES;
				CLANG_ANALYZER_NONNULL = YES;
				CLANG_ANALYZER_NUMBER_OBJECT_CONVERSION = YES_AGGRESSIVE;
				CLANG_CXX_LANGUAGE_STANDARD = "gnu++20";
				CLANG_ENABLE_MODULES = YES;
				CLANG_ENABLE_OBJC_ARC = YES;
				CLANG_ENABLE_OBJC_WEAK = YES;
				CLANG_WARN_BLOCK_CAPTURE_AUTORELEASING = YES;
				CLANG_WARN_BOOL_CONVERSION = YES;
				CLANG_WARN_COMMA = YES;
				CLANG_WARN_CONSTANT_CONVERSION = YES;
				CLANG_WARN_DEPRECATED_OBJC_IMPLEMENTATIONS = YES;
				CLANG_WARN_DIRECT_OBJC_ISA_USAGE = YES_ERROR;
				CLANG_WARN_DOCUMENTATION_COMMENTS = YES;
				CLANG_WARN_EMPTY_BODY = YES;
				CLANG_WARN_ENUM_CONVERSION = YES;
				CLANG_WARN_INFINITE_RECURSION = YES;
				CLANG_WARN_INT_CONVERSION = YES;
				CLANG_WARN_NON_LITERAL_NULL_CONVERSION = YES;
				CLANG_WARN_OBJC_IMPLICIT_RETAIN_SELF = YES;
				CLANG_WARN_OBJC_LITERAL_CONVERSION = YES;
				CLANG_WARN_OBJC_ROOT_CLASS = YES_ERROR;
				CLANG_WARN_QUOTED_INCLUDE_IN_FRAMEWORK_HEADER = YES;
				CLANG_WARN_RANGE_LOOP_ANALYSIS = YES;
				CLANG_WARN_STRICT_PROTOTYPES = YES;
				CLANG_WARN_SUSPICIOUS_MOVE = YES;
				CLANG_WARN_UNGUARDED_AVAILABILITY = YES_AGGRESSIVE;
				CLANG_WARN_UNREACHABLE_CODE = YES;
				CLANG_WARN__DUPLICATE_METHOD_MATCH = YES;
				COPY_PHASE_STRIP = NO;
				DEBUG_INFORMATION_FORMAT = dwarf;
				ENABLE_STRICT_OBJC_MSGSEND = YES;
				ENABLE_TESTABILITY = YES;
				ENABLE_USER_SCRIPT_SANDBOXING = YES;
				GCC_C_LANGUAGE_STANDARD = gnu17;
				GCC_DYNAMIC_NO_PIC = NO;
				GCC_NO_COMMON_BLOCKS = YES;
				GCC_OPTIMIZATION_LEVEL = 0;
				GCC_PREPROCESSOR_DEFINITIONS = (
					"DEBUG=1",
					"$(inherited)",
				);
				GCC_WARN_64_TO_32_BIT_CONVERSION = YES;
				GCC_WARN_ABOUT_RETURN_TYPE = YES_ERROR;
				GCC_WARN_UNDECLARED_SELECTOR = YES;
				GCC_WARN_UNINITIALIZED_AUTOS = YES_AGGRESSIVE;
				GCC_WARN_UNUSED_FUNCTION = YES;
				GCC_WARN_UNUSED_VARIABLE = YES;
				IPHONEOS_DEPLOYMENT_TARGET = 17.5;
				LOCALIZATION_PREFERS_STRING_CATALOGS = YES;
				MTL_ENABLE_DEBUG_INFO = INCLUDE_SOURCE;
				MTL_FAST_MATH = YES;
				ONLY_ACTIVE_ARCH = YES;
				SDKROOT = iphoneos;
				SWIFT_ACTIVE_COMPILATION_CONDITIONS = "DEBUG $(inherited)";
				SWIFT_OPTIMIZATION_LEVEL = "-Onone";
			};
			name = Debug;
		};
		52EF5BA42C67DA0600C3DA34 /* Release */ = {
			isa = XCBuildConfiguration;
			buildSettings = {
				ALWAYS_SEARCH_USER_PATHS = NO;
				ASSETCATALOG_COMPILER_GENERATE_SWIFT_ASSET_SYMBOL_EXTENSIONS = YES;
				CLANG_ANALYZER_NONNULL = YES;
				CLANG_ANALYZER_NUMBER_OBJECT_CONVERSION = YES_AGGRESSIVE;
				CLANG_CXX_LANGUAGE_STANDARD = "gnu++20";
				CLANG_ENABLE_MODULES = YES;
				CLANG_ENABLE_OBJC_ARC = YES;
				CLANG_ENABLE_OBJC_WEAK = YES;
				CLANG_WARN_BLOCK_CAPTURE_AUTORELEASING = YES;
				CLANG_WARN_BOOL_CONVERSION = YES;
				CLANG_WARN_COMMA = YES;
				CLANG_WARN_CONSTANT_CONVERSION = YES;
				CLANG_WARN_DEPRECATED_OBJC_IMPLEMENTATIONS = YES;
				CLANG_WARN_DIRECT_OBJC_ISA_USAGE = YES_ERROR;
				CLANG_WARN_DOCUMENTATION_COMMENTS = YES;
				CLANG_WARN_EMPTY_BODY = YES;
				CLANG_WARN_ENUM_CONVERSION = YES;
				CLANG_WARN_INFINITE_RECURSION = YES;
				CLANG_WARN_INT_CONVERSION = YES;
				CLANG_WARN_NON_LITERAL_NULL_CONVERSION = YES;
				CLANG_WARN_OBJC_IMPLICIT_RETAIN_SELF = YES;
				CLANG_WARN_OBJC_LITERAL_CONVERSION = YES;
				CLANG_WARN_OBJC_ROOT_CLASS = YES_ERROR;
				CLANG_WARN_QUOTED_INCLUDE_IN_FRAMEWORK_HEADER = YES;
				CLANG_WARN_RANGE_LOOP_ANALYSIS = YES;
				CLANG_WARN_STRICT_PROTOTYPES = YES;
				CLANG_WARN_SUSPICIOUS_MOVE = YES;
				CLANG_WARN_UNGUARDED_AVAILABILITY = YES_AGGRESSIVE;
				CLANG_WARN_UNREACHABLE_CODE = YES;
				CLANG_WARN__DUPLICATE_METHOD_MATCH = YES;
				COPY_PHASE_STRIP = NO;
				DEBUG_INFORMATION_FORMAT = "dwarf-with-dsym";
				ENABLE_NS_ASSERTIONS = NO;
				ENABLE_STRICT_OBJC_MSGSEND = YES;
				ENABLE_USER_SCRIPT_SANDBOXING = YES;
				GCC_C_LANGUAGE_STANDARD = gnu17;
				GCC_NO_COMMON_BLOCKS = YES;
				GCC_WARN_64_TO_32_BIT_CONVERSION = YES;
				GCC_WARN_ABOUT_RETURN_TYPE = YES_ERROR;
				GCC_WARN_UNDECLARED_SELECTOR = YES;
				GCC_WARN_UNINITIALIZED_AUTOS = YES_AGGRESSIVE;
				GCC_WARN_UNUSED_FUNCTION = YES;
				GCC_WARN_UNUSED_VARIABLE = YES;
				IPHONEOS_DEPLOYMENT_TARGET = 17.5;
				LOCALIZATION_PREFERS_STRING_CATALOGS = YES;
				MTL_ENABLE_DEBUG_INFO = NO;
				MTL_FAST_MATH = YES;
				SDKROOT = iphoneos;
				SWIFT_COMPILATION_MODE = wholemodule;
				VALIDATE_PRODUCT = YES;
			};
			name = Release;
		};
		52EF5BA62C67DA0600C3DA34 /* Debug */ = {
			isa = XCBuildConfiguration;
			buildSettings = {
				ASSETCATALOG_COMPILER_APPICON_NAME = AppIcon;
				ASSETCATALOG_COMPILER_GLOBAL_ACCENT_COLOR_NAME = AccentColor;
				ASSETCATALOG_COMPILER_INCLUDE_ALL_APPICON_ASSETS = YES;
				CODE_SIGN_STYLE = Automatic;
				CURRENT_PROJECT_VERSION = 1;
				DEVELOPMENT_ASSET_PATHS = "\"quizeApp/Preview Content\"";
				DEVELOPMENT_TEAM = YQ938N89R2;
				ENABLE_PREVIEWS = YES;
				GENERATE_INFOPLIST_FILE = YES;
				INFOPLIST_KEY_UIApplicationSceneManifest_Generation = YES;
				INFOPLIST_KEY_UIApplicationSupportsIndirectInputEvents = YES;
				INFOPLIST_KEY_UILaunchScreen_Generation = YES;
				INFOPLIST_KEY_UISupportedInterfaceOrientations_iPad = "UIInterfaceOrientationPortrait UIInterfaceOrientationPortraitUpsideDown UIInterfaceOrientationLandscapeLeft UIInterfaceOrientationLandscapeRight";
				INFOPLIST_KEY_UISupportedInterfaceOrientations_iPhone = "UIInterfaceOrientationPortrait UIInterfaceOrientationLandscapeLeft UIInterfaceOrientationLandscapeRight";
				IPHONEOS_DEPLOYMENT_TARGET = 17.2;
				LD_RUNPATH_SEARCH_PATHS = (
					"$(inherited)",
					"@executable_path/Frameworks",
				);
				MARKETING_VERSION = 1.0;
				PRODUCT_BUNDLE_IDENTIFIER = "com.GakMedia.Shadhin-GP-Example.quizeApp";
				PRODUCT_NAME = "$(TARGET_NAME)";
				SWIFT_EMIT_LOC_STRINGS = YES;
				SWIFT_VERSION = 5.0;
				TARGETED_DEVICE_FAMILY = "1,2";
			};
			name = Debug;
		};
		52EF5BA72C67DA0600C3DA34 /* Release */ = {
			isa = XCBuildConfiguration;
			buildSettings = {
				ASSETCATALOG_COMPILER_APPICON_NAME = AppIcon;
				ASSETCATALOG_COMPILER_GLOBAL_ACCENT_COLOR_NAME = AccentColor;
				ASSETCATALOG_COMPILER_INCLUDE_ALL_APPICON_ASSETS = YES;
				CODE_SIGN_STYLE = Automatic;
				CURRENT_PROJECT_VERSION = 1;
				DEVELOPMENT_ASSET_PATHS = "\"quizeApp/Preview Content\"";
				DEVELOPMENT_TEAM = YQ938N89R2;
				ENABLE_PREVIEWS = YES;
				GENERATE_INFOPLIST_FILE = YES;
				INFOPLIST_KEY_UIApplicationSceneManifest_Generation = YES;
				INFOPLIST_KEY_UIApplicationSupportsIndirectInputEvents = YES;
				INFOPLIST_KEY_UILaunchScreen_Generation = YES;
				INFOPLIST_KEY_UISupportedInterfaceOrientations_iPad = "UIInterfaceOrientationPortrait UIInterfaceOrientationPortraitUpsideDown UIInterfaceOrientationLandscapeLeft UIInterfaceOrientationLandscapeRight";
				INFOPLIST_KEY_UISupportedInterfaceOrientations_iPhone = "UIInterfaceOrientationPortrait UIInterfaceOrientationLandscapeLeft UIInterfaceOrientationLandscapeRight";
				IPHONEOS_DEPLOYMENT_TARGET = 17.2;
				LD_RUNPATH_SEARCH_PATHS = (
					"$(inherited)",
					"@executable_path/Frameworks",
				);
				MARKETING_VERSION = 1.0;
				PRODUCT_BUNDLE_IDENTIFIER = "com.GakMedia.Shadhin-GP-Example.quizeApp";
				PRODUCT_NAME = "$(TARGET_NAME)";
				SWIFT_EMIT_LOC_STRINGS = YES;
				SWIFT_VERSION = 5.0;
				TARGETED_DEVICE_FAMILY = "1,2";
			};
			name = Release;
		};
/* End XCBuildConfiguration section */

/* Begin XCConfigurationList section */
		52EF5B922C67DA0400C3DA34 /* Build configuration list for PBXProject "quizeApp" */ = {
			isa = XCConfigurationList;
			buildConfigurations = (
				52EF5BA32C67DA0600C3DA34 /* Debug */,
				52EF5BA42C67DA0600C3DA34 /* Release */,
			);
			defaultConfigurationIsVisible = 0;
			defaultConfigurationName = Release;
		};
		52EF5BA52C67DA0600C3DA34 /* Build configuration list for PBXNativeTarget "quizeApp" */ = {
			isa = XCConfigurationList;
			buildConfigurations = (
				52EF5BA62C67DA0600C3DA34 /* Debug */,
				52EF5BA72C67DA0600C3DA34 /* Release */,
			);
			defaultConfigurationIsVisible = 0;
			defaultConfigurationName = Release;
		};
/* End XCConfigurationList section */
	};
	rootObject = 52EF5B8F2C67DA0400C3DA34 /* Project object */;
}
